
Microsoft Visual Studio Solution File, Format Version 12.00
# Visual Studio Version 16
VisualStudioVersion = 16.0.30503.244
MinimumVisualStudioVersion = 10.0.40219.1
Project("{FAE04EC0-301F-11D3-BF4B-00C04F79EFBC}") = "AppDemoAzureGitHub", "AppDemoAzureGitHub\AppDemoAzureGitHub.csproj", "{5F94746C-7E71-4929-9807-B8785532FF5F}"
EndProject
Global
	GlobalSection(SolutionConfigurationPlatforms) = preSolution
		Debug|Any CPU = Debug|Any CPU
		Release|Any CPU = Release|Any CPU
	EndGlobalSection
	GlobalSection(ProjectConfigurationPlatforms) = postSolution
		{5F94746C-7E71-4929-9807-B8785532FF5F}.Debug|Any CPU.ActiveCfg = Debug|Any CPU
		{5F94746C-7E71-4929-9807-B8785532FF5F}.Debug|Any CPU.Build.0 = Debug|Any CPU
		{5F94746C-7E71-4929-9807-B8785532FF5F}.Release|Any CPU.ActiveCfg = Release|Any CPU
		{5F94746C-7E71-4929-9807-B8785532FF5F}.Release|Any CPU.Build.0 = Release|Any CPU
	EndGlobalSection
	GlobalSection(SolutionProperties) = preSolution
		HideSolutionNode = FALSE
	EndGlobalSection
	GlobalSection(ExtensibilityGlobals) = postSolution
		SolutionGuid = {AE58D547-6336-4DBE-877B-6AB76A78433F}
	EndGlobalSection
EndGlobal
